# Generated by conda-lock.
# platform: linux-64
# input_hash: 2c3422f4f134454392d36778d4804cf000a18bb08a4507154baebc9987df1828
@EXPLICIT
https://conda.anaconda.org/conda-forge/linux-64/_libgcc_mutex-0.1-conda_forge.tar.bz2#d7c89558ba9fa0495403155b64376d81
https://conda.anaconda.org/anaconda/linux-64/ca-certificates-2020.10.14-0.tar.bz2#48642e3fd8fda4a7b17fddecc4b6dbca
https://conda.anaconda.org/anaconda/linux-64/ld_impl_linux-64-2.33.1-h53a641e_7.tar.bz2#85a01d2f8a5faa97fa2dfcc7ad7852e6
https://conda.anaconda.org/anaconda/linux-64/libgcc-ng-9.1.0-hdf63c60_0.tar.bz2#238f19c803a6ba7bd6dbd6989e03cbf1
https://conda.anaconda.org/anaconda/linux-64/libstdcxx-ng-9.1.0-hdf63c60_0.tar.bz2#53fa39fdae936e9d07c4b2f5ef361993
https://conda.anaconda.org/conda-forge/linux-64/ncurses-5.9-10.tar.bz2#385305fdf1ea5dabff1fd7a1f5e1e115
https://conda.anaconda.org/conda-forge/linux-64/sqlite-3.13.0-1.tar.bz2#a54fc6054a2271c92ba43b857c83c39a
https://conda.anaconda.org/conda-forge/linux-64/tk-8.5.19-2.tar.bz2#041db79eedb299869eedf875c4c1de47
https://conda.anaconda.org/anaconda/linux-64/binutils_impl_linux-64-2.33.1-he6710b0_7.tar.bz2#81dc44b5d60cb7213dcd5e4d53332a9d
https://conda.anaconda.org/conda-forge/linux-64/libgomp-9.2.0-h24d8f2e_2.tar.bz2#7c6154111414b737f850a5d02b9c9380
https://conda.anaconda.org/anaconda/linux-64/openssl-1.0.2u-h7b6447c_0.tar.bz2#30742f1123554cd0925aaef2793f23f4
https://conda.anaconda.org/conda-forge/linux-64/readline-6.2-0.tar.bz2#c97d7e19a7b229c0838cb66fa3bf8f7c
https://conda.anaconda.org/anaconda/linux-64/xz-5.2.5-h7b6447c_0.tar.bz2#e17620ef8fc8654e77f53b4f2995b288
https://conda.anaconda.org/anaconda/linux-64/zlib-1.2.11-h7b6447c_3.tar.bz2#e76217678961a4836e1067a2d11603e2
https://conda.anaconda.org/anaconda/linux-64/binutils_linux-64-2.33.1-h9595d00_15.tar.bz2#7cbe959847f8493dcdf711ff5a88eb25
https://conda.anaconda.org/conda-forge/linux-64/gcc_impl_linux-64-7.3.0-hd420e75_5.tar.bz2#2f5d803fc7b36f6972cabd3ddba34678
https://conda.anaconda.org/conda-forge/linux-64/python-3.6.1-3.tar.bz2#4b13c1e1948ac292116189ab7752edc1
https://conda.anaconda.org/anaconda/linux-64/certifi-2020.6.20-py36_0.tar.bz2#abf97316466c8769b7772e90d750fa66
https://conda.anaconda.org/anaconda/linux-64/gcc_linux-64-7.3.0-h553295d_15.tar.bz2#0f2128892c34d01f2e1bed94d04ab1bd
https://conda.anaconda.org/conda-forge/linux-64/gxx_impl_linux-64-7.3.0-hdf63c60_5.tar.bz2#6c12307a28ea0a2b1ad50257a136deb6
https://conda.anaconda.org/anaconda/noarch/wheel-0.35.1-py_0.tar.bz2#9c75d27bfc81b445298eba0ebb088c15
https://conda.anaconda.org/anaconda/linux-64/gxx_linux-64-7.3.0-h553295d_15.tar.bz2#5a58d977860308194de55b9cce044abf
https://conda.anaconda.org/conda-forge/linux-64/rust-1.41.0-h516909a_1.tar.bz2#13a02b7973e90bc6854034984d182ab3
https://conda.anaconda.org/anaconda/linux-64/setuptools-50.3.0-py36hb0f4dca_1.tar.bz2#571503a6169376a4750f9dfc88ce3b3e
https://conda.anaconda.org/anaconda/linux-64/pip-20.2.4-py36_0.tar.bz2#ff2b2ff00f2bf75713450650369216c4
